{
    "name": "meu-projeto",
    "version": "1.0.0",
    "lockfileVersion": 3,
    "requires": true,
    "packages": {
        "": {
            "name": "meu-projeto",
            "version": "1.0.0",
            "dependencies": {
                "meu-projeto": "file:"
            }
        },
        "node_modules/meu-projeto": {
            "resolved": "",
            "link": true
        }
    }
}
